
Microsoft Visual Studio Solution File, Format Version 12.00
# Visual Studio Version 16
VisualStudioVersion = 16.0.31112.23
MinimumVisualStudioVersion = 10.0.40219.1
Project("{8BC9CEB8-8B4A-11D0-8D11-00A0C91BC942}") = "검색엔진", "검색엔진\검색엔진.vcxproj", "{AF688789-A914-4405-ADAB-DEA208341CF4}"
EndProject
Global
	GlobalSection(SolutionConfigurationPlatforms) = preSolution
		Debug|x64 = Debug|x64
		Debug|x86 = Debug|x86
		Release|x64 = Release|x64
		Release|x86 = Release|x86
	EndGlobalSection
	GlobalSection(ProjectConfigurationPlatforms) = postSolution
		{AF688789-A914-4405-ADAB-DEA208341CF4}.Debug|x64.ActiveCfg = Debug|x64
		{AF688789-A914-4405-ADAB-DEA208341CF4}.Debug|x64.Build.0 = Debug|x64
		{AF688789-A914-4405-ADAB-DEA208341CF4}.Debug|x86.ActiveCfg = Debug|Win32
		{AF688789-A914-4405-ADAB-DEA208341CF4}.Debug|x86.Build.0 = Debug|Win32
		{AF688789-A914-4405-ADAB-DEA208341CF4}.Release|x64.ActiveCfg = Release|x64
		{AF688789-A914-4405-ADAB-DEA208341CF4}.Release|x64.Build.0 = Release|x64
		{AF688789-A914-4405-ADAB-DEA208341CF4}.Release|x86.ActiveCfg = Release|Win32
		{AF688789-A914-4405-ADAB-DEA208341CF4}.Release|x86.Build.0 = Release|Win32
	EndGlobalSection
	GlobalSection(SolutionProperties) = preSolution
		HideSolutionNode = FALSE
	EndGlobalSection
	GlobalSection(ExtensibilityGlobals) = postSolution
		SolutionGuid = {360A0DE1-034D-4282-A99F-9679C9564658}
	EndGlobalSection
EndGlobal
